{
    "version": 3,
    "terraform_version": "0.11.8",
    "serial": 32,
    "lineage": "3c0640b3-c8f9-bfe8-8664-1fadab6b3524",
    "modules": [
        {
            "path": [
                "root"
            ],
            "outputs": {},
            "resources": {
                "aws_instance.other": {
                    "type": "aws_instance",
                    "depends_on": [
                        "aws_security_group.sgweb",
                        "aws_subnet.public-subnet"
                    ],
                    "primary": {
                        "id": "i-0303916ac92e992d8",
                        "attributes": {
                            "ami": "ami-00f7c900d2e7133e1",
                            "arn": "arn:aws:ec2:us-west-2:806445204345:instance/i-0303916ac92e992d8",
                            "associate_public_ip_address": "true",
                            "availability_zone": "us-west-2a",
                            "cpu_core_count": "1",
                            "cpu_threads_per_core": "1",
                            "credit_specification.#": "1",
                            "credit_specification.0.cpu_credits": "standard",
                            "disable_api_termination": "false",
                            "ebs_block_device.#": "0",
                            "ebs_optimized": "false",
                            "ephemeral_block_device.#": "0",
                            "get_password_data": "false",
                            "iam_instance_profile": "",
                            "id": "i-0303916ac92e992d8",
                            "instance_state": "running",
                            "instance_type": "t2.micro",
                            "ipv6_addresses.#": "0",
                            "key_name": "ellan",
                            "monitoring": "false",
                            "network_interface.#": "0",
                            "network_interface_id": "eni-01d7e246de25fda70",
                            "password_data": "",
                            "placement_group": "",
                            "primary_network_interface_id": "eni-01d7e246de25fda70",
                            "private_dns": "ip-10-0-1-78.us-west-2.compute.internal",
                            "private_ip": "10.0.1.78",
                            "public_dns": "ec2-54-245-22-77.us-west-2.compute.amazonaws.com",
                            "public_ip": "54.245.22.77",
                            "root_block_device.#": "1",
                            "root_block_device.0.delete_on_termination": "true",
                            "root_block_device.0.iops": "100",
                            "root_block_device.0.volume_id": "vol-0a79769a7ddf7476b",
                            "root_block_device.0.volume_size": "10",
                            "root_block_device.0.volume_type": "gp2",
                            "security_groups.#": "0",
                            "source_dest_check": "false",
                            "subnet_id": "subnet-0f8e97f2d0ef6d4d3",
                            "tags.%": "1",
                            "tags.Name": "VMRancher",
                            "tenancy": "default",
                            "volume_tags.%": "0",
                            "vpc_security_group_ids.#": "1",
                            "vpc_security_group_ids.1096588002": "sg-071e7342466aee685"
                        },
                        "meta": {
                            "e2bfb730-ecaa-11e6-8f88-34363bc7c4c0": {
                                "create": 600000000000,
                                "delete": 1200000000000,
                                "update": 600000000000
                            },
                            "schema_version": "1"
                        },
                        "tainted": false
                    },
                    "deposed": [],
                    "provider": "provider.aws"
                },
                "aws_instance.web": {
                    "type": "aws_instance",
                    "depends_on": [
                        "aws_security_group.sgweb",
                        "aws_subnet.public-subnet"
                    ],
                    "primary": {
                        "id": "i-0426b18091f4c2f46",
                        "attributes": {
                            "ami": "ami-00f7c900d2e7133e1",
                            "arn": "arn:aws:ec2:us-west-2:806445204345:instance/i-0426b18091f4c2f46",
                            "associate_public_ip_address": "true",
                            "availability_zone": "us-west-2a",
                            "cpu_core_count": "1",
                            "cpu_threads_per_core": "1",
                            "credit_specification.#": "1",
                            "credit_specification.0.cpu_credits": "standard",
                            "disable_api_termination": "false",
                            "ebs_block_device.#": "0",
                            "ebs_optimized": "false",
                            "ephemeral_block_device.#": "0",
                            "get_password_data": "false",
                            "iam_instance_profile": "",
                            "id": "i-0426b18091f4c2f46",
                            "instance_state": "running",
                            "instance_type": "t2.micro",
                            "ipv6_addresses.#": "0",
                            "key_name": "ellan",
                            "monitoring": "false",
                            "network_interface.#": "0",
                            "network_interface_id": "eni-058cbad5353b5d4f0",
                            "password_data": "",
                            "placement_group": "",
                            "primary_network_interface_id": "eni-058cbad5353b5d4f0",
                            "private_dns": "ip-10-0-1-245.us-west-2.compute.internal",
                            "private_ip": "10.0.1.245",
                            "public_dns": "ec2-34-222-45-155.us-west-2.compute.amazonaws.com",
                            "public_ip": "34.222.45.155",
                            "root_block_device.#": "1",
                            "root_block_device.0.delete_on_termination": "true",
                            "root_block_device.0.iops": "100",
                            "root_block_device.0.volume_id": "vol-0289fecc30cff4440",
                            "root_block_device.0.volume_size": "10",
                            "root_block_device.0.volume_type": "gp2",
                            "security_groups.#": "0",
                            "source_dest_check": "false",
                            "subnet_id": "subnet-0f8e97f2d0ef6d4d3",
                            "tags.%": "1",
                            "tags.Name": "VMGitlab",
                            "tenancy": "default",
                            "volume_tags.%": "0",
                            "vpc_security_group_ids.#": "1",
                            "vpc_security_group_ids.1096588002": "sg-071e7342466aee685"
                        },
                        "meta": {
                            "e2bfb730-ecaa-11e6-8f88-34363bc7c4c0": {
                                "create": 600000000000,
                                "delete": 1200000000000,
                                "update": 600000000000
                            },
                            "schema_version": "1"
                        },
                        "tainted": false
                    },
                    "deposed": [],
                    "provider": "provider.aws"
                },
                "aws_internet_gateway.gw": {
                    "type": "aws_internet_gateway",
                    "depends_on": [
                        "aws_vpc.default"
                    ],
                    "primary": {
                        "id": "igw-05c50466467ab63a8",
                        "attributes": {
                            "id": "igw-05c50466467ab63a8",
                            "tags.%": "1",
                            "tags.Name": "VPC IGW",
                            "vpc_id": "vpc-0b1fcaf2cc9866acb"
                        },
                        "meta": {},
                        "tainted": false
                    },
                    "deposed": [],
                    "provider": "provider.aws"
                },
                "aws_route_table.web-public-rt": {
                    "type": "aws_route_table",
                    "depends_on": [
                        "aws_internet_gateway.gw",
                        "aws_vpc.default"
                    ],
                    "primary": {
                        "id": "rtb-0cd4e47bfb84f3d3b",
                        "attributes": {
                            "id": "rtb-0cd4e47bfb84f3d3b",
                            "propagating_vgws.#": "0",
                            "route.#": "1",
                            "route.901952980.cidr_block": "0.0.0.0/0",
                            "route.901952980.egress_only_gateway_id": "",
                            "route.901952980.gateway_id": "igw-05c50466467ab63a8",
                            "route.901952980.instance_id": "",
                            "route.901952980.ipv6_cidr_block": "",
                            "route.901952980.nat_gateway_id": "",
                            "route.901952980.network_interface_id": "",
                            "route.901952980.vpc_peering_connection_id": "",
                            "tags.%": "1",
                            "tags.Name": "Public Subnet RT",
                            "vpc_id": "vpc-0b1fcaf2cc9866acb"
                        },
                        "meta": {},
                        "tainted": false
                    },
                    "deposed": [],
                    "provider": "provider.aws"
                },
                "aws_route_table_association.web-public-rt": {
                    "type": "aws_route_table_association",
                    "depends_on": [
                        "aws_route_table.web-public-rt",
                        "aws_subnet.public-subnet"
                    ],
                    "primary": {
                        "id": "rtbassoc-0cdaccf6e76bdb55c",
                        "attributes": {
                            "id": "rtbassoc-0cdaccf6e76bdb55c",
                            "route_table_id": "rtb-0cd4e47bfb84f3d3b",
                            "subnet_id": "subnet-0f8e97f2d0ef6d4d3"
                        },
                        "meta": {},
                        "tainted": false
                    },
                    "deposed": [],
                    "provider": "provider.aws"
                },
                "aws_security_group.sgweb": {
                    "type": "aws_security_group",
                    "depends_on": [
                        "aws_vpc.default"
                    ],
                    "primary": {
                        "id": "sg-071e7342466aee685",
                        "attributes": {
                            "arn": "arn:aws:ec2:us-west-2:806445204345:security-group/sg-071e7342466aee685",
                            "description": "Allow incoming HTTP connections \u0026 SSH access",
                            "egress.#": "7",
                            "egress.1628758017.cidr_blocks.#": "1",
                            "egress.1628758017.cidr_blocks.0": "0.0.0.0/0",
                            "egress.1628758017.description": "",
                            "egress.1628758017.from_port": "10022",
                            "egress.1628758017.ipv6_cidr_blocks.#": "0",
                            "egress.1628758017.prefix_list_ids.#": "0",
                            "egress.1628758017.protocol": "tcp",
                            "egress.1628758017.security_groups.#": "0",
                            "egress.1628758017.self": "false",
                            "egress.1628758017.to_port": "10022",
                            "egress.1760891655.cidr_blocks.#": "1",
                            "egress.1760891655.cidr_blocks.0": "0.0.0.0/0",
                            "egress.1760891655.description": "",
                            "egress.1760891655.from_port": "6379",
                            "egress.1760891655.ipv6_cidr_blocks.#": "0",
                            "egress.1760891655.prefix_list_ids.#": "0",
                            "egress.1760891655.protocol": "tcp",
                            "egress.1760891655.security_groups.#": "0",
                            "egress.1760891655.self": "false",
                            "egress.1760891655.to_port": "6379",
                            "egress.3386061982.cidr_blocks.#": "1",
                            "egress.3386061982.cidr_blocks.0": "0.0.0.0/0",
                            "egress.3386061982.description": "",
                            "egress.3386061982.from_port": "10080",
                            "egress.3386061982.ipv6_cidr_blocks.#": "0",
                            "egress.3386061982.prefix_list_ids.#": "0",
                            "egress.3386061982.protocol": "tcp",
                            "egress.3386061982.security_groups.#": "0",
                            "egress.3386061982.self": "false",
                            "egress.3386061982.to_port": "10080",
                            "egress.482069346.cidr_blocks.#": "1",
                            "egress.482069346.cidr_blocks.0": "0.0.0.0/0",
                            "egress.482069346.description": "",
                            "egress.482069346.from_port": "0",
                            "egress.482069346.ipv6_cidr_blocks.#": "0",
                            "egress.482069346.prefix_list_ids.#": "0",
                            "egress.482069346.protocol": "-1",
                            "egress.482069346.security_groups.#": "0",
                            "egress.482069346.self": "false",
                            "egress.482069346.to_port": "0",
                            "egress.501830036.cidr_blocks.#": "1",
                            "egress.501830036.cidr_blocks.0": "0.0.0.0/0",
                            "egress.501830036.description": "",
                            "egress.501830036.from_port": "9090",
                            "egress.501830036.ipv6_cidr_blocks.#": "0",
                            "egress.501830036.prefix_list_ids.#": "0",
                            "egress.501830036.protocol": "tcp",
                            "egress.501830036.security_groups.#": "0",
                            "egress.501830036.self": "false",
                            "egress.501830036.to_port": "9090",
                            "egress.589388991.cidr_blocks.#": "1",
                            "egress.589388991.cidr_blocks.0": "0.0.0.0/0",
                            "egress.589388991.description": "",
                            "egress.589388991.from_port": "2224",
                            "egress.589388991.ipv6_cidr_blocks.#": "0",
                            "egress.589388991.prefix_list_ids.#": "0",
                            "egress.589388991.protocol": "tcp",
                            "egress.589388991.security_groups.#": "0",
                            "egress.589388991.self": "false",
                            "egress.589388991.to_port": "2224",
                            "egress.761371496.cidr_blocks.#": "1",
                            "egress.761371496.cidr_blocks.0": "0.0.0.0/0",
                            "egress.761371496.description": "",
                            "egress.761371496.from_port": "5432",
                            "egress.761371496.ipv6_cidr_blocks.#": "0",
                            "egress.761371496.prefix_list_ids.#": "0",
                            "egress.761371496.protocol": "tcp",
                            "egress.761371496.security_groups.#": "0",
                            "egress.761371496.self": "false",
                            "egress.761371496.to_port": "5432",
                            "id": "sg-071e7342466aee685",
                            "ingress.#": "9",
                            "ingress.1628758017.cidr_blocks.#": "1",
                            "ingress.1628758017.cidr_blocks.0": "0.0.0.0/0",
                            "ingress.1628758017.description": "",
                            "ingress.1628758017.from_port": "10022",
                            "ingress.1628758017.ipv6_cidr_blocks.#": "0",
                            "ingress.1628758017.prefix_list_ids.#": "0",
                            "ingress.1628758017.protocol": "tcp",
                            "ingress.1628758017.security_groups.#": "0",
                            "ingress.1628758017.self": "false",
                            "ingress.1628758017.to_port": "10022",
                            "ingress.1760891655.cidr_blocks.#": "1",
                            "ingress.1760891655.cidr_blocks.0": "0.0.0.0/0",
                            "ingress.1760891655.description": "",
                            "ingress.1760891655.from_port": "6379",
                            "ingress.1760891655.ipv6_cidr_blocks.#": "0",
                            "ingress.1760891655.prefix_list_ids.#": "0",
                            "ingress.1760891655.protocol": "tcp",
                            "ingress.1760891655.security_groups.#": "0",
                            "ingress.1760891655.self": "false",
                            "ingress.1760891655.to_port": "6379",
                            "ingress.1799340084.cidr_blocks.#": "1",
                            "ingress.1799340084.cidr_blocks.0": "0.0.0.0/0",
                            "ingress.1799340084.description": "",
                            "ingress.1799340084.from_port": "-1",
                            "ingress.1799340084.ipv6_cidr_blocks.#": "0",
                            "ingress.1799340084.prefix_list_ids.#": "0",
                            "ingress.1799340084.protocol": "icmp",
                            "ingress.1799340084.security_groups.#": "0",
                            "ingress.1799340084.self": "false",
                            "ingress.1799340084.to_port": "-1",
                            "ingress.2214680975.cidr_blocks.#": "1",
                            "ingress.2214680975.cidr_blocks.0": "0.0.0.0/0",
                            "ingress.2214680975.description": "",
                            "ingress.2214680975.from_port": "80",
                            "ingress.2214680975.ipv6_cidr_blocks.#": "0",
                            "ingress.2214680975.prefix_list_ids.#": "0",
                            "ingress.2214680975.protocol": "tcp",
                            "ingress.2214680975.security_groups.#": "0",
                            "ingress.2214680975.self": "false",
                            "ingress.2214680975.to_port": "80",
                            "ingress.2541437006.cidr_blocks.#": "1",
                            "ingress.2541437006.cidr_blocks.0": "0.0.0.0/0",
                            "ingress.2541437006.description": "",
                            "ingress.2541437006.from_port": "22",
                            "ingress.2541437006.ipv6_cidr_blocks.#": "0",
                            "ingress.2541437006.prefix_list_ids.#": "0",
                            "ingress.2541437006.protocol": "tcp",
                            "ingress.2541437006.security_groups.#": "0",
                            "ingress.2541437006.self": "false",
                            "ingress.2541437006.to_port": "22",
                            "ingress.2617001939.cidr_blocks.#": "1",
                            "ingress.2617001939.cidr_blocks.0": "0.0.0.0/0",
                            "ingress.2617001939.description": "",
                            "ingress.2617001939.from_port": "443",
                            "ingress.2617001939.ipv6_cidr_blocks.#": "0",
                            "ingress.2617001939.prefix_list_ids.#": "0",
                            "ingress.2617001939.protocol": "tcp",
                            "ingress.2617001939.security_groups.#": "0",
                            "ingress.2617001939.self": "false",
                            "ingress.2617001939.to_port": "443",
                            "ingress.3386061982.cidr_blocks.#": "1",
                            "ingress.3386061982.cidr_blocks.0": "0.0.0.0/0",
                            "ingress.3386061982.description": "",
                            "ingress.3386061982.from_port": "10080",
                            "ingress.3386061982.ipv6_cidr_blocks.#": "0",
                            "ingress.3386061982.prefix_list_ids.#": "0",
                            "ingress.3386061982.protocol": "tcp",
                            "ingress.3386061982.security_groups.#": "0",
                            "ingress.3386061982.self": "false",
                            "ingress.3386061982.to_port": "10080",
                            "ingress.501830036.cidr_blocks.#": "1",
                            "ingress.501830036.cidr_blocks.0": "0.0.0.0/0",
                            "ingress.501830036.description": "",
                            "ingress.501830036.from_port": "9090",
                            "ingress.501830036.ipv6_cidr_blocks.#": "0",
                            "ingress.501830036.prefix_list_ids.#": "0",
                            "ingress.501830036.protocol": "tcp",
                            "ingress.501830036.security_groups.#": "0",
                            "ingress.501830036.self": "false",
                            "ingress.501830036.to_port": "9090",
                            "ingress.761371496.cidr_blocks.#": "1",
                            "ingress.761371496.cidr_blocks.0": "0.0.0.0/0",
                            "ingress.761371496.description": "",
                            "ingress.761371496.from_port": "5432",
                            "ingress.761371496.ipv6_cidr_blocks.#": "0",
                            "ingress.761371496.prefix_list_ids.#": "0",
                            "ingress.761371496.protocol": "tcp",
                            "ingress.761371496.security_groups.#": "0",
                            "ingress.761371496.self": "false",
                            "ingress.761371496.to_port": "5432",
                            "name": "vpc_test_web",
                            "owner_id": "806445204345",
                            "revoke_rules_on_delete": "false",
                            "tags.%": "1",
                            "tags.Name": "Web Server SG",
                            "vpc_id": "vpc-0b1fcaf2cc9866acb"
                        },
                        "meta": {
                            "e2bfb730-ecaa-11e6-8f88-34363bc7c4c0": {
                                "create": 600000000000,
                                "delete": 600000000000
                            },
                            "schema_version": "1"
                        },
                        "tainted": false
                    },
                    "deposed": [],
                    "provider": "provider.aws"
                },
                "aws_subnet.private-subnet": {
                    "type": "aws_subnet",
                    "depends_on": [
                        "aws_vpc.default"
                    ],
                    "primary": {
                        "id": "subnet-0cc29e34c7c94ca37",
                        "attributes": {
                            "arn": "arn:aws:ec2:us-west-2:806445204345:subnet/subnet-0cc29e34c7c94ca37",
                            "assign_ipv6_address_on_creation": "false",
                            "availability_zone": "us-west-2c",
                            "cidr_block": "10.0.2.0/24",
                            "id": "subnet-0cc29e34c7c94ca37",
                            "map_public_ip_on_launch": "false",
                            "tags.%": "1",
                            "tags.Name": "Database Private Subnet",
                            "vpc_id": "vpc-0b1fcaf2cc9866acb"
                        },
                        "meta": {
                            "e2bfb730-ecaa-11e6-8f88-34363bc7c4c0": {
                                "create": 600000000000,
                                "delete": 600000000000
                            },
                            "schema_version": "1"
                        },
                        "tainted": false
                    },
                    "deposed": [],
                    "provider": "provider.aws"
                },
                "aws_subnet.public-subnet": {
                    "type": "aws_subnet",
                    "depends_on": [
                        "aws_vpc.default"
                    ],
                    "primary": {
                        "id": "subnet-0f8e97f2d0ef6d4d3",
                        "attributes": {
                            "arn": "arn:aws:ec2:us-west-2:806445204345:subnet/subnet-0f8e97f2d0ef6d4d3",
                            "assign_ipv6_address_on_creation": "false",
                            "availability_zone": "us-west-2a",
                            "cidr_block": "10.0.1.0/24",
                            "id": "subnet-0f8e97f2d0ef6d4d3",
                            "map_public_ip_on_launch": "false",
                            "tags.%": "1",
                            "tags.Name": "Web Public Subnet",
                            "vpc_id": "vpc-0b1fcaf2cc9866acb"
                        },
                        "meta": {
                            "e2bfb730-ecaa-11e6-8f88-34363bc7c4c0": {
                                "create": 600000000000,
                                "delete": 600000000000
                            },
                            "schema_version": "1"
                        },
                        "tainted": false
                    },
                    "deposed": [],
                    "provider": "provider.aws"
                },
                "aws_vpc.default": {
                    "type": "aws_vpc",
                    "depends_on": [],
                    "primary": {
                        "id": "vpc-0b1fcaf2cc9866acb",
                        "attributes": {
                            "arn": "arn:aws:ec2:us-west-2:806445204345:vpc/vpc-0b1fcaf2cc9866acb",
                            "assign_generated_ipv6_cidr_block": "false",
                            "cidr_block": "10.0.0.0/16",
                            "default_network_acl_id": "acl-0e5f92d888ef4684f",
                            "default_route_table_id": "rtb-050ebfae16e4609a2",
                            "default_security_group_id": "sg-0ef79841c9aaa43de",
                            "dhcp_options_id": "dopt-ff2bec87",
                            "enable_classiclink": "false",
                            "enable_classiclink_dns_support": "false",
                            "enable_dns_hostnames": "true",
                            "enable_dns_support": "true",
                            "id": "vpc-0b1fcaf2cc9866acb",
                            "instance_tenancy": "default",
                            "main_route_table_id": "rtb-050ebfae16e4609a2",
                            "tags.%": "1",
                            "tags.Name": "test-vpc"
                        },
                        "meta": {
                            "schema_version": "1"
                        },
                        "tainted": false
                    },
                    "deposed": [],
                    "provider": "provider.aws"
                }
            },
            "depends_on": []
        }
    ]
}
